// !$*UTF8*$!
{
	archiveVersion = 1;
	classes = {
	};
	objectVersion = 55;
	objects = {

/* Begin PBXBuildFile section */
		9EA54C3F2746E02700383EDE /* AppDelegate.swift in Sources */ = {isa = PBXBuildFile; fileRef = 9EA54C3E2746E02700383EDE /* AppDelegate.swift */; };
		9EA54C412746E02700383EDE /* SceneDelegate.swift in Sources */ = {isa = PBXBuildFile; fileRef = 9EA54C402746E02700383EDE /* SceneDelegate.swift */; };
		9EA54C432746E02700383EDE /* ViewController.swift in Sources */ = {isa = PBXBuildFile; fileRef = 9EA54C422746E02700383EDE /* ViewController.swift */; };
		9EA54C462746E02700383EDE /* Main.storyboard in Resources */ = {isa = PBXBuildFile; fileRef = 9EA54C442746E02700383EDE /* Main.storyboard */; };
		9EA54C482746E02900383EDE /* Assets.xcassets in Resources */ = {isa = PBXBuildFile; fileRef = 9EA54C472746E02900383EDE /* Assets.xcassets */; };
		9EA54C4B2746E02900383EDE /* LaunchScreen.storyboard in Resources */ = {isa = PBXBuildFile; fileRef = 9EA54C492746E02900383EDE /* LaunchScreen.storyboard */; };
		9EA54C542746E0B400383EDE /* NetworkClient.swift in Sources */ = {isa = PBXBuildFile; fileRef = 9EA54C532746E0B400383EDE /* NetworkClient.swift */; };
		9EA54C572746E32B00383EDE /* APIKeys.plist in Resources */ = {isa = PBXBuildFile; fileRef = 9EA54C562746E32B00383EDE /* APIKeys.plist */; };
		9EA54C602746E94000383EDE /* GetNearbyPlacesNetworkRequest.swift in Sources */ = {isa = PBXBuildFile; fileRef = 9EA54C5F2746E94000383EDE /* GetNearbyPlacesNetworkRequest.swift */; };
		9EA54C622746F1BF00383EDE /* NetworkRequestProtocol.swift in Sources */ = {isa = PBXBuildFile; fileRef = 9EA54C612746F1BF00383EDE /* NetworkRequestProtocol.swift */; };
		9EA54C652746F1E100383EDE /* URLRequest+Method.swift in Sources */ = {isa = PBXBuildFile; fileRef = 9EA54C642746F1E100383EDE /* URLRequest+Method.swift */; };
		9EA54C6B2746FC8A00383EDE /* NetworkClientProtocol.swift in Sources */ = {isa = PBXBuildFile; fileRef = 9EA54C6A2746FC8A00383EDE /* NetworkClientProtocol.swift */; };
		9EA54C6F2746FE5500383EDE /* NearbySearchResponse.swift in Sources */ = {isa = PBXBuildFile; fileRef = 9EA54C6E2746FE5500383EDE /* NearbySearchResponse.swift */; };
		9EFDB4E92756EC8300A1269A /* LocationManager.swift in Sources */ = {isa = PBXBuildFile; fileRef = 9EFDB4E82756EC8300A1269A /* LocationManager.swift */; };
		9EFDB4F02757EF4100A1269A /* ViewController+ViewModel.swift in Sources */ = {isa = PBXBuildFile; fileRef = 9EFDB4EF2757EF4100A1269A /* ViewController+ViewModel.swift */; };
		9EFDB4F32757F2EF00A1269A /* CLLocationCoordinate2D+Equatable.swift in Sources */ = {isa = PBXBuildFile; fileRef = 9EFDB4F22757F2EF00A1269A /* CLLocationCoordinate2D+Equatable.swift */; };
		9EFDB4F62759251E00A1269A /* RestaurantListCollectionViewController.swift in Sources */ = {isa = PBXBuildFile; fileRef = 9EFDB4F52759251E00A1269A /* RestaurantListCollectionViewController.swift */; };
		9EFDB4FA2759257100A1269A /* RestaurantItemCollectionViewCell.swift in Sources */ = {isa = PBXBuildFile; fileRef = 9EFDB4F82759257100A1269A /* RestaurantItemCollectionViewCell.swift */; };
		9EFDB4FB2759257100A1269A /* RestaurantItemCollectionViewCell.xib in Resources */ = {isa = PBXBuildFile; fileRef = 9EFDB4F92759257100A1269A /* RestaurantItemCollectionViewCell.xib */; };
/* End PBXBuildFile section */

/* Begin PBXFileReference section */
		9EA54C3B2746E02700383EDE /* AllTrailsLunch.app */ = {isa = PBXFileReference; explicitFileType = wrapper.application; includeInIndex = 0; path = AllTrailsLunch.app; sourceTree = BUILT_PRODUCTS_DIR; };
		9EA54C3E2746E02700383EDE /* AppDelegate.swift */ = {isa = PBXFileReference; lastKnownFileType = sourcecode.swift; path = AppDelegate.swift; sourceTree = "<group>"; };
		9EA54C402746E02700383EDE /* SceneDelegate.swift */ = {isa = PBXFileReference; lastKnownFileType = sourcecode.swift; path = SceneDelegate.swift; sourceTree = "<group>"; };
		9EA54C422746E02700383EDE /* ViewController.swift */ = {isa = PBXFileReference; lastKnownFileType = sourcecode.swift; path = ViewController.swift; sourceTree = "<group>"; };
		9EA54C452746E02700383EDE /* Base */ = {isa = PBXFileReference; lastKnownFileType = file.storyboard; name = Base; path = Base.lproj/Main.storyboard; sourceTree = "<group>"; };
		9EA54C472746E02900383EDE /* Assets.xcassets */ = {isa = PBXFileReference; lastKnownFileType = folder.assetcatalog; path = Assets.xcassets; sourceTree = "<group>"; };
		9EA54C4A2746E02900383EDE /* Base */ = {isa = PBXFileReference; lastKnownFileType = file.storyboard; name = Base; path = Base.lproj/LaunchScreen.storyboard; sourceTree = "<group>"; };
		9EA54C4C2746E02900383EDE /* Info.plist */ = {isa = PBXFileReference; lastKnownFileType = text.plist.xml; path = Info.plist; sourceTree = "<group>"; };
		9EA54C532746E0B400383EDE /* NetworkClient.swift */ = {isa = PBXFileReference; lastKnownFileType = sourcecode.swift; path = NetworkClient.swift; sourceTree = "<group>"; };
		9EA54C562746E32B00383EDE /* APIKeys.plist */ = {isa = PBXFileReference; lastKnownFileType = text.plist.xml; name = APIKeys.plist; path = AllTrailsLunch/Resources/APIKeys.plist; sourceTree = SOURCE_ROOT; };
		9EA54C5F2746E94000383EDE /* GetNearbyPlacesNetworkRequest.swift */ = {isa = PBXFileReference; lastKnownFileType = sourcecode.swift; path = GetNearbyPlacesNetworkRequest.swift; sourceTree = "<group>"; };
		9EA54C612746F1BF00383EDE /* NetworkRequestProtocol.swift */ = {isa = PBXFileReference; lastKnownFileType = sourcecode.swift; path = NetworkRequestProtocol.swift; sourceTree = "<group>"; };
		9EA54C642746F1E100383EDE /* URLRequest+Method.swift */ = {isa = PBXFileReference; lastKnownFileType = sourcecode.swift; path = "URLRequest+Method.swift"; sourceTree = "<group>"; };
		9EA54C672746F79300383EDE /* MapKit.framework */ = {isa = PBXFileReference; lastKnownFileType = wrapper.framework; name = MapKit.framework; path = System/Library/Frameworks/MapKit.framework; sourceTree = SDKROOT; };
		9EA54C6A2746FC8A00383EDE /* NetworkClientProtocol.swift */ = {isa = PBXFileReference; lastKnownFileType = sourcecode.swift; path = NetworkClientProtocol.swift; sourceTree = "<group>"; };
		9EA54C6E2746FE5500383EDE /* NearbySearchResponse.swift */ = {isa = PBXFileReference; lastKnownFileType = sourcecode.swift; path = NearbySearchResponse.swift; sourceTree = "<group>"; };
		9EFDB4E82756EC8300A1269A /* LocationManager.swift */ = {isa = PBXFileReference; lastKnownFileType = sourcecode.swift; path = LocationManager.swift; sourceTree = "<group>"; };
		9EFDB4EF2757EF4100A1269A /* ViewController+ViewModel.swift */ = {isa = PBXFileReference; lastKnownFileType = sourcecode.swift; path = "ViewController+ViewModel.swift"; sourceTree = "<group>"; };
		9EFDB4F22757F2EF00A1269A /* CLLocationCoordinate2D+Equatable.swift */ = {isa = PBXFileReference; lastKnownFileType = sourcecode.swift; path = "CLLocationCoordinate2D+Equatable.swift"; sourceTree = "<group>"; };
		9EFDB4F52759251E00A1269A /* RestaurantListCollectionViewController.swift */ = {isa = PBXFileReference; lastKnownFileType = sourcecode.swift; path = RestaurantListCollectionViewController.swift; sourceTree = "<group>"; };
		9EFDB4F82759257100A1269A /* RestaurantItemCollectionViewCell.swift */ = {isa = PBXFileReference; lastKnownFileType = sourcecode.swift; path = RestaurantItemCollectionViewCell.swift; sourceTree = "<group>"; };
		9EFDB4F92759257100A1269A /* RestaurantItemCollectionViewCell.xib */ = {isa = PBXFileReference; lastKnownFileType = file.xib; path = RestaurantItemCollectionViewCell.xib; sourceTree = "<group>"; };
/* End PBXFileReference section */

/* Begin PBXFrameworksBuildPhase section */
		9EA54C382746E02700383EDE /* Frameworks */ = {
			isa = PBXFrameworksBuildPhase;
			buildActionMask = 2147483647;
			files = (
			);
			runOnlyForDeploymentPostprocessing = 0;
		};
/* End PBXFrameworksBuildPhase section */

/* Begin PBXGroup section */
		9EA54C322746E02700383EDE = {
			isa = PBXGroup;
			children = (
				9EA54C3D2746E02700383EDE /* AllTrailsLunch */,
				9EA54C3C2746E02700383EDE /* Products */,
				9EA54C662746F79300383EDE /* Frameworks */,
			);
			sourceTree = "<group>";
		};
		9EA54C3C2746E02700383EDE /* Products */ = {
			isa = PBXGroup;
			children = (
				9EA54C3B2746E02700383EDE /* AllTrailsLunch.app */,
			);
			name = Products;
			sourceTree = "<group>";
		};
		9EA54C3D2746E02700383EDE /* AllTrailsLunch */ = {
			isa = PBXGroup;
			children = (
				9EFDB4F12757F2C500A1269A /* Extensions */,
				9EFDB4EA2757DE8C00A1269A /* ViewControllers */,
				9EFDB4E72756EC1400A1269A /* Mangers */,
				9EA54C552746E28D00383EDE /* Resources */,
				9EA54C522746E09F00383EDE /* Networking */,
				9EA54C3E2746E02700383EDE /* AppDelegate.swift */,
				9EA54C402746E02700383EDE /* SceneDelegate.swift */,
				9EA54C442746E02700383EDE /* Main.storyboard */,
				9EA54C472746E02900383EDE /* Assets.xcassets */,
				9EA54C492746E02900383EDE /* LaunchScreen.storyboard */,
				9EA54C4C2746E02900383EDE /* Info.plist */,
			);
			path = AllTrailsLunch;
			sourceTree = "<group>";
		};
		9EA54C522746E09F00383EDE /* Networking */ = {
			isa = PBXGroup;
			children = (
				9EA54C6D2746FE3000383EDE /* Models */,
				9EA54C6C2746FCA600383EDE /* Requests */,
				9EA54C632746F1D300383EDE /* Extensions */,
				9EA54C5A2746E5BC00383EDE /* Protocols */,
				9EA54C532746E0B400383EDE /* NetworkClient.swift */,
			);
			path = Networking;
			sourceTree = "<group>";
		};
		9EA54C552746E28D00383EDE /* Resources */ = {
			isa = PBXGroup;
			children = (
				9EA54C562746E32B00383EDE /* APIKeys.plist */,
			);
			path = Resources;
			sourceTree = "<group>";
		};
		9EA54C5A2746E5BC00383EDE /* Protocols */ = {
			isa = PBXGroup;
			children = (
				9EA54C612746F1BF00383EDE /* NetworkRequestProtocol.swift */,
				9EA54C6A2746FC8A00383EDE /* NetworkClientProtocol.swift */,
			);
			path = Protocols;
			sourceTree = "<group>";
		};
		9EA54C632746F1D300383EDE /* Extensions */ = {
			isa = PBXGroup;
			children = (
				9EA54C642746F1E100383EDE /* URLRequest+Method.swift */,
			);
			path = Extensions;
			sourceTree = "<group>";
		};
		9EA54C662746F79300383EDE /* Frameworks */ = {
			isa = PBXGroup;
			children = (
				9EA54C672746F79300383EDE /* MapKit.framework */,
			);
			name = Frameworks;
			sourceTree = "<group>";
		};
		9EA54C6C2746FCA600383EDE /* Requests */ = {
			isa = PBXGroup;
			children = (
				9EA54C5F2746E94000383EDE /* GetNearbyPlacesNetworkRequest.swift */,
			);
			path = Requests;
			sourceTree = "<group>";
		};
		9EA54C6D2746FE3000383EDE /* Models */ = {
			isa = PBXGroup;
			children = (
				9EA54C6E2746FE5500383EDE /* NearbySearchResponse.swift */,
			);
			path = Models;
			sourceTree = "<group>";
		};
		9EFDB4E72756EC1400A1269A /* Mangers */ = {
			isa = PBXGroup;
			children = (
				9EFDB4E82756EC8300A1269A /* LocationManager.swift */,
			);
			path = Mangers;
			sourceTree = "<group>";
		};
		9EFDB4EA2757DE8C00A1269A /* ViewControllers */ = {
			isa = PBXGroup;
			children = (
				9EFDB4F4275923FA00A1269A /* RestaurantListCollectionViewController */,
				9EFDB4EE2757EEFF00A1269A /* ViewModel */,
				9EA54C422746E02700383EDE /* ViewController.swift */,
			);
			path = ViewControllers;
			sourceTree = "<group>";
		};
		9EFDB4EE2757EEFF00A1269A /* ViewModel */ = {
			isa = PBXGroup;
			children = (
				9EFDB4EF2757EF4100A1269A /* ViewController+ViewModel.swift */,
			);
			path = ViewModel;
			sourceTree = "<group>";
		};
		9EFDB4F12757F2C500A1269A /* Extensions */ = {
			isa = PBXGroup;
			children = (
				9EFDB4F22757F2EF00A1269A /* CLLocationCoordinate2D+Equatable.swift */,
			);
			path = Extensions;
			sourceTree = "<group>";
		};
		9EFDB4F4275923FA00A1269A /* RestaurantListCollectionViewController */ = {
			isa = PBXGroup;
			children = (
				9EFDB4F72759252300A1269A /* Cells */,
				9EFDB4F52759251E00A1269A /* RestaurantListCollectionViewController.swift */,
			);
			path = RestaurantListCollectionViewController;
			sourceTree = "<group>";
		};
		9EFDB4F72759252300A1269A /* Cells */ = {
			isa = PBXGroup;
			children = (
				9EFDB4F82759257100A1269A /* RestaurantItemCollectionViewCell.swift */,
				9EFDB4F92759257100A1269A /* RestaurantItemCollectionViewCell.xib */,
			);
			path = Cells;
			sourceTree = "<group>";
		};
/* End PBXGroup section */

/* Begin PBXNativeTarget section */
		9EA54C3A2746E02700383EDE /* AllTrailsLunch */ = {
			isa = PBXNativeTarget;
			buildConfigurationList = 9EA54C4F2746E02900383EDE /* Build configuration list for PBXNativeTarget "AllTrailsLunch" */;
			buildPhases = (
				9EA54C372746E02700383EDE /* Sources */,
				9EA54C382746E02700383EDE /* Frameworks */,
				9EA54C392746E02700383EDE /* Resources */,
			);
			buildRules = (
			);
			dependencies = (
			);
			name = AllTrailsLunch;
			productName = AllTrailsLunch;
			productReference = 9EA54C3B2746E02700383EDE /* AllTrailsLunch.app */;
			productType = "com.apple.product-type.application";
		};
/* End PBXNativeTarget section */

/* Begin PBXProject section */
		9EA54C332746E02700383EDE /* Project object */ = {
			isa = PBXProject;
			attributes = {
				BuildIndependentTargetsInParallel = 1;
				LastSwiftUpdateCheck = 1310;
				LastUpgradeCheck = 1310;
				TargetAttributes = {
					9EA54C3A2746E02700383EDE = {
						CreatedOnToolsVersion = 13.1;
					};
				};
			};
			buildConfigurationList = 9EA54C362746E02700383EDE /* Build configuration list for PBXProject "AllTrailsLunch" */;
			compatibilityVersion = "Xcode 13.0";
			developmentRegion = en;
			hasScannedForEncodings = 0;
			knownRegions = (
				en,
				Base,
			);
			mainGroup = 9EA54C322746E02700383EDE;
			productRefGroup = 9EA54C3C2746E02700383EDE /* Products */;
			projectDirPath = "";
			projectRoot = "";
			targets = (
				9EA54C3A2746E02700383EDE /* AllTrailsLunch */,
			);
		};
/* End PBXProject section */

/* Begin PBXResourcesBuildPhase section */
		9EA54C392746E02700383EDE /* Resources */ = {
			isa = PBXResourcesBuildPhase;
			buildActionMask = 2147483647;
			files = (
				9EA54C4B2746E02900383EDE /* LaunchScreen.storyboard in Resources */,
				9EA54C572746E32B00383EDE /* APIKeys.plist in Resources */,
				9EFDB4FB2759257100A1269A /* RestaurantItemCollectionViewCell.xib in Resources */,
				9EA54C482746E02900383EDE /* Assets.xcassets in Resources */,
				9EA54C462746E02700383EDE /* Main.storyboard in Resources */,
			);
			runOnlyForDeploymentPostprocessing = 0;
		};
/* End PBXResourcesBuildPhase section */

/* Begin PBXSourcesBuildPhase section */
		9EA54C372746E02700383EDE /* Sources */ = {
			isa = PBXSourcesBuildPhase;
			buildActionMask = 2147483647;
			files = (
				9EA54C432746E02700383EDE /* ViewController.swift in Sources */,
				9EA54C6B2746FC8A00383EDE /* NetworkClientProtocol.swift in Sources */,
				9EFDB4F32757F2EF00A1269A /* CLLocationCoordinate2D+Equatable.swift in Sources */,
				9EFDB4E92756EC8300A1269A /* LocationManager.swift in Sources */,
				9EA54C3F2746E02700383EDE /* AppDelegate.swift in Sources */,
				9EA54C622746F1BF00383EDE /* NetworkRequestProtocol.swift in Sources */,
				9EA54C412746E02700383EDE /* SceneDelegate.swift in Sources */,
				9EFDB4F02757EF4100A1269A /* ViewController+ViewModel.swift in Sources */,
				9EFDB4FA2759257100A1269A /* RestaurantItemCollectionViewCell.swift in Sources */,
				9EA54C602746E94000383EDE /* GetNearbyPlacesNetworkRequest.swift in Sources */,
				9EA54C6F2746FE5500383EDE /* NearbySearchResponse.swift in Sources */,
				9EA54C652746F1E100383EDE /* URLRequest+Method.swift in Sources */,
				9EA54C542746E0B400383EDE /* NetworkClient.swift in Sources */,
				9EFDB4F62759251E00A1269A /* RestaurantListCollectionViewController.swift in Sources */,
			);
			runOnlyForDeploymentPostprocessing = 0;
		};
/* End PBXSourcesBuildPhase section */

/* Begin PBXVariantGroup section */
		9EA54C442746E02700383EDE /* Main.storyboard */ = {
			isa = PBXVariantGroup;
			children = (
				9EA54C452746E02700383EDE /* Base */,
			);
			name = Main.storyboard;
			sourceTree = "<group>";
		};
		9EA54C492746E02900383EDE /* LaunchScreen.storyboard */ = {
			isa = PBXVariantGroup;
			children = (
				9EA54C4A2746E02900383EDE /* Base */,
			);
			name = LaunchScreen.storyboard;
			sourceTree = "<group>";
		};
/* End PBXVariantGroup section */

/* Begin XCBuildConfiguration section */
		9EA54C4D2746E02900383EDE /* Debug */ = {
			isa = XCBuildConfiguration;
			buildSettings = {
				ALWAYS_SEARCH_USER_PATHS = NO;
				CLANG_ANALYZER_NONNULL = YES;
				CLANG_ANALYZER_NUMBER_OBJECT_CONVERSION = YES_AGGRESSIVE;
				CLANG_CXX_LANGUAGE_STANDARD = "gnu++17";
				CLANG_CXX_LIBRARY = "libc++";
				CLANG_ENABLE_MODULES = YES;
				CLANG_ENABLE_OBJC_ARC = YES;
				CLANG_ENABLE_OBJC_WEAK = YES;
				CLANG_WARN_BLOCK_CAPTURE_AUTORELEASING = YES;
				CLANG_WARN_BOOL_CONVERSION = YES;
				CLANG_WARN_COMMA = YES;
				CLANG_WARN_CONSTANT_CONVERSION = YES;
				CLANG_WARN_DEPRECATED_OBJC_IMPLEMENTATIONS = YES;
				CLANG_WARN_DIRECT_OBJC_ISA_USAGE = YES_ERROR;
				CLANG_WARN_DOCUMENTATION_COMMENTS = YES;
				CLANG_WARN_EMPTY_BODY = YES;
				CLANG_WARN_ENUM_CONVERSION = YES;
				CLANG_WARN_INFINITE_RECURSION = YES;
				CLANG_WARN_INT_CONVERSION = YES;
				CLANG_WARN_NON_LITERAL_NULL_CONVERSION = YES;
				CLANG_WARN_OBJC_IMPLICIT_RETAIN_SELF = YES;
				CLANG_WARN_OBJC_LITERAL_CONVERSION = YES;
				CLANG_WARN_OBJC_ROOT_CLASS = YES_ERROR;
				CLANG_WARN_QUOTED_INCLUDE_IN_FRAMEWORK_HEADER = YES;
				CLANG_WARN_RANGE_LOOP_ANALYSIS = YES;
				CLANG_WARN_STRICT_PROTOTYPES = YES;
				CLANG_WARN_SUSPICIOUS_MOVE = YES;
				CLANG_WARN_UNGUARDED_AVAILABILITY = YES_AGGRESSIVE;
				CLANG_WARN_UNREACHABLE_CODE = YES;
				CLANG_WARN__DUPLICATE_METHOD_MATCH = YES;
				COPY_PHASE_STRIP = NO;
				DEBUG_INFORMATION_FORMAT = dwarf;
				ENABLE_STRICT_OBJC_MSGSEND = YES;
				ENABLE_TESTABILITY = YES;
				GCC_C_LANGUAGE_STANDARD = gnu11;
				GCC_DYNAMIC_NO_PIC = NO;
				GCC_NO_COMMON_BLOCKS = YES;
				GCC_OPTIMIZATION_LEVEL = 0;
				GCC_PREPROCESSOR_DEFINITIONS = (
					"DEBUG=1",
					"$(inherited)",
				);
				GCC_WARN_64_TO_32_BIT_CONVERSION = YES;
				GCC_WARN_ABOUT_RETURN_TYPE = YES_ERROR;
				GCC_WARN_UNDECLARED_SELECTOR = YES;
				GCC_WARN_UNINITIALIZED_AUTOS = YES_AGGRESSIVE;
				GCC_WARN_UNUSED_FUNCTION = YES;
				GCC_WARN_UNUSED_VARIABLE = YES;
				IPHONEOS_DEPLOYMENT_TARGET = 15.0;
				MTL_ENABLE_DEBUG_INFO = INCLUDE_SOURCE;
				MTL_FAST_MATH = YES;
				ONLY_ACTIVE_ARCH = YES;
				SDKROOT = iphoneos;
				SWIFT_ACTIVE_COMPILATION_CONDITIONS = DEBUG;
				SWIFT_OPTIMIZATION_LEVEL = "-Onone";
			};
			name = Debug;
		};
		9EA54C4E2746E02900383EDE /* Release */ = {
			isa = XCBuildConfiguration;
			buildSettings = {
				ALWAYS_SEARCH_USER_PATHS = NO;
				CLANG_ANALYZER_NONNULL = YES;
				CLANG_ANALYZER_NUMBER_OBJECT_CONVERSION = YES_AGGRESSIVE;
				CLANG_CXX_LANGUAGE_STANDARD = "gnu++17";
				CLANG_CXX_LIBRARY = "libc++";
				CLANG_ENABLE_MODULES = YES;
				CLANG_ENABLE_OBJC_ARC = YES;
				CLANG_ENABLE_OBJC_WEAK = YES;
				CLANG_WARN_BLOCK_CAPTURE_AUTORELEASING = YES;
				CLANG_WARN_BOOL_CONVERSION = YES;
				CLANG_WARN_COMMA = YES;
				CLANG_WARN_CONSTANT_CONVERSION = YES;
				CLANG_WARN_DEPRECATED_OBJC_IMPLEMENTATIONS = YES;
				CLANG_WARN_DIRECT_OBJC_ISA_USAGE = YES_ERROR;
				CLANG_WARN_DOCUMENTATION_COMMENTS = YES;
				CLANG_WARN_EMPTY_BODY = YES;
				CLANG_WARN_ENUM_CONVERSION = YES;
				CLANG_WARN_INFINITE_RECURSION = YES;
				CLANG_WARN_INT_CONVERSION = YES;
				CLANG_WARN_NON_LITERAL_NULL_CONVERSION = YES;
				CLANG_WARN_OBJC_IMPLICIT_RETAIN_SELF = YES;
				CLANG_WARN_OBJC_LITERAL_CONVERSION = YES;
				CLANG_WARN_OBJC_ROOT_CLASS = YES_ERROR;
				CLANG_WARN_QUOTED_INCLUDE_IN_FRAMEWORK_HEADER = YES;
				CLANG_WARN_RANGE_LOOP_ANALYSIS = YES;
				CLANG_WARN_STRICT_PROTOTYPES = YES;
				CLANG_WARN_SUSPICIOUS_MOVE = YES;
				CLANG_WARN_UNGUARDED_AVAILABILITY = YES_AGGRESSIVE;
				CLANG_WARN_UNREACHABLE_CODE = YES;
				CLANG_WARN__DUPLICATE_METHOD_MATCH = YES;
				COPY_PHASE_STRIP = NO;
				DEBUG_INFORMATION_FORMAT = "dwarf-with-dsym";
				ENABLE_NS_ASSERTIONS = NO;
				ENABLE_STRICT_OBJC_MSGSEND = YES;
				GCC_C_LANGUAGE_STANDARD = gnu11;
				GCC_NO_COMMON_BLOCKS = YES;
				GCC_WARN_64_TO_32_BIT_CONVERSION = YES;
				GCC_WARN_ABOUT_RETURN_TYPE = YES_ERROR;
				GCC_WARN_UNDECLARED_SELECTOR = YES;
				GCC_WARN_UNINITIALIZED_AUTOS = YES_AGGRESSIVE;
				GCC_WARN_UNUSED_FUNCTION = YES;
				GCC_WARN_UNUSED_VARIABLE = YES;
				IPHONEOS_DEPLOYMENT_TARGET = 15.0;
				MTL_ENABLE_DEBUG_INFO = NO;
				MTL_FAST_MATH = YES;
				SDKROOT = iphoneos;
				SWIFT_COMPILATION_MODE = wholemodule;
				SWIFT_OPTIMIZATION_LEVEL = "-O";
				VALIDATE_PRODUCT = YES;
			};
			name = Release;
		};
		9EA54C502746E02900383EDE /* Debug */ = {
			isa = XCBuildConfiguration;
			buildSettings = {
				ASSETCATALOG_COMPILER_APPICON_NAME = AppIcon;
				ASSETCATALOG_COMPILER_GLOBAL_ACCENT_COLOR_NAME = AccentColor;
				CODE_SIGN_STYLE = Automatic;
				CURRENT_PROJECT_VERSION = 1;
				DEVELOPMENT_TEAM = 366LY4GNXP;
				GENERATE_INFOPLIST_FILE = YES;
				INFOPLIST_FILE = AllTrailsLunch/Info.plist;
				INFOPLIST_KEY_UIApplicationSupportsIndirectInputEvents = YES;
				INFOPLIST_KEY_UILaunchStoryboardName = LaunchScreen;
				INFOPLIST_KEY_UIMainStoryboardFile = Main;
				INFOPLIST_KEY_UISupportedInterfaceOrientations_iPad = "UIInterfaceOrientationPortrait UIInterfaceOrientationPortraitUpsideDown UIInterfaceOrientationLandscapeLeft UIInterfaceOrientationLandscapeRight";
				INFOPLIST_KEY_UISupportedInterfaceOrientations_iPhone = "UIInterfaceOrientationPortrait UIInterfaceOrientationLandscapeLeft UIInterfaceOrientationLandscapeRight";
				LD_RUNPATH_SEARCH_PATHS = (
					"$(inherited)",
					"@executable_path/Frameworks",
				);
				MARKETING_VERSION = 1.0;
				PRODUCT_BUNDLE_IDENTIFIER = com.dcabernet.AllTrailsLunch;
				PRODUCT_NAME = "$(TARGET_NAME)";
				SWIFT_EMIT_LOC_STRINGS = YES;
				SWIFT_VERSION = 5.0;
				TARGETED_DEVICE_FAMILY = "1,2";
			};
			name = Debug;
		};
		9EA54C512746E02900383EDE /* Release */ = {
			isa = XCBuildConfiguration;
			buildSettings = {
				ASSETCATALOG_COMPILER_APPICON_NAME = AppIcon;
				ASSETCATALOG_COMPILER_GLOBAL_ACCENT_COLOR_NAME = AccentColor;
				CODE_SIGN_STYLE = Automatic;
				CURRENT_PROJECT_VERSION = 1;
				DEVELOPMENT_TEAM = 366LY4GNXP;
				GENERATE_INFOPLIST_FILE = YES;
				INFOPLIST_FILE = AllTrailsLunch/Info.plist;
				INFOPLIST_KEY_UIApplicationSupportsIndirectInputEvents = YES;
				INFOPLIST_KEY_UILaunchStoryboardName = LaunchScreen;
				INFOPLIST_KEY_UIMainStoryboardFile = Main;
				INFOPLIST_KEY_UISupportedInterfaceOrientations_iPad = "UIInterfaceOrientationPortrait UIInterfaceOrientationPortraitUpsideDown UIInterfaceOrientationLandscapeLeft UIInterfaceOrientationLandscapeRight";
				INFOPLIST_KEY_UISupportedInterfaceOrientations_iPhone = "UIInterfaceOrientationPortrait UIInterfaceOrientationLandscapeLeft UIInterfaceOrientationLandscapeRight";
				LD_RUNPATH_SEARCH_PATHS = (
					"$(inherited)",
					"@executable_path/Frameworks",
				);
				MARKETING_VERSION = 1.0;
				PRODUCT_BUNDLE_IDENTIFIER = com.dcabernet.AllTrailsLunch;
				PRODUCT_NAME = "$(TARGET_NAME)";
				SWIFT_EMIT_LOC_STRINGS = YES;
				SWIFT_VERSION = 5.0;
				TARGETED_DEVICE_FAMILY = "1,2";
			};
			name = Release;
		};
/* End XCBuildConfiguration section */

/* Begin XCConfigurationList section */
		9EA54C362746E02700383EDE /* Build configuration list for PBXProject "AllTrailsLunch" */ = {
			isa = XCConfigurationList;
			buildConfigurations = (
				9EA54C4D2746E02900383EDE /* Debug */,
				9EA54C4E2746E02900383EDE /* Release */,
			);
			defaultConfigurationIsVisible = 0;
			defaultConfigurationName = Release;
		};
		9EA54C4F2746E02900383EDE /* Build configuration list for PBXNativeTarget "AllTrailsLunch" */ = {
			isa = XCConfigurationList;
			buildConfigurations = (
				9EA54C502746E02900383EDE /* Debug */,
				9EA54C512746E02900383EDE /* Release */,
			);
			defaultConfigurationIsVisible = 0;
			defaultConfigurationName = Release;
		};
/* End XCConfigurationList section */
	};
	rootObject = 9EA54C332746E02700383EDE /* Project object */;
}
